
Microsoft Visual Studio Solution File, Format Version 12.00
# Visual Studio Version 17
VisualStudioVersion = 17.14.36623.8 d17.14
MinimumVisualStudioVersion = 10.0.40219.1
Project("{FAE04EC0-301F-11D3-BF4B-00C04F79EFBC}") = "Real-e-commerce.API", "Real-e-commerce.API\Real-e-commerce.API.csproj", "{7E562C50-78F0-4695-9A52-CA6358A9BDC7}"
EndProject
Project("{FAE04EC0-301F-11D3-BF4B-00C04F79EFBC}") = "Real-e-commerce.Core", "Real-e-commerce.Core\Real-e-commerce.Core.csproj", "{4C2A9102-33CB-473C-8DAA-6DD49410A4F2}"
EndProject
Project("{FAE04EC0-301F-11D3-BF4B-00C04F79EFBC}") = "Real-e-commerce.Infrastructure", "Real-e-commerce.Infrastructure\Real-e-commerce.Infrastructure.csproj", "{5B07A963-C003-48AB-BD7D-6FDD3D82E52E}"
EndProject
Global
	GlobalSection(SolutionConfigurationPlatforms) = preSolution
		Debug|Any CPU = Debug|Any CPU
		Release|Any CPU = Release|Any CPU
	EndGlobalSection
	GlobalSection(ProjectConfigurationPlatforms) = postSolution
		{7E562C50-78F0-4695-9A52-CA6358A9BDC7}.Debug|Any CPU.ActiveCfg = Debug|Any CPU
		{7E562C50-78F0-4695-9A52-CA6358A9BDC7}.Debug|Any CPU.Build.0 = Debug|Any CPU
		{7E562C50-78F0-4695-9A52-CA6358A9BDC7}.Release|Any CPU.ActiveCfg = Release|Any CPU
		{7E562C50-78F0-4695-9A52-CA6358A9BDC7}.Release|Any CPU.Build.0 = Release|Any CPU
		{4C2A9102-33CB-473C-8DAA-6DD49410A4F2}.Debug|Any CPU.ActiveCfg = Debug|Any CPU
		{4C2A9102-33CB-473C-8DAA-6DD49410A4F2}.Debug|Any CPU.Build.0 = Debug|Any CPU
		{4C2A9102-33CB-473C-8DAA-6DD49410A4F2}.Release|Any CPU.ActiveCfg = Release|Any CPU
		{4C2A9102-33CB-473C-8DAA-6DD49410A4F2}.Release|Any CPU.Build.0 = Release|Any CPU
		{5B07A963-C003-48AB-BD7D-6FDD3D82E52E}.Debug|Any CPU.ActiveCfg = Debug|Any CPU
		{5B07A963-C003-48AB-BD7D-6FDD3D82E52E}.Debug|Any CPU.Build.0 = Debug|Any CPU
		{5B07A963-C003-48AB-BD7D-6FDD3D82E52E}.Release|Any CPU.ActiveCfg = Release|Any CPU
		{5B07A963-C003-48AB-BD7D-6FDD3D82E52E}.Release|Any CPU.Build.0 = Release|Any CPU
	EndGlobalSection
	GlobalSection(SolutionProperties) = preSolution
		HideSolutionNode = FALSE
	EndGlobalSection
	GlobalSection(ExtensibilityGlobals) = postSolution
		SolutionGuid = {F6C11616-747E-4F01-9AE4-F6B4FED65391}
	EndGlobalSection
EndGlobal
